
Microsoft Visual Studio Solution File, Format Version 12.00
# Visual Studio Version 16
VisualStudioVersion = 16.0.30804.86
MinimumVisualStudioVersion = 10.0.40219.1
Project("{9A19103F-16F7-4668-BE54-9A1E7A4F7556}") = "Business", "Business\Business.csproj", "{B3AC211D-A034-4A97-B3B4-FBA338902D16}"
EndProject
Project("{9A19103F-16F7-4668-BE54-9A1E7A4F7556}") = "DataAccess", "DataAccess\DataAccess.csproj", "{3A53A5BE-1DD5-4923-8B40-BDBF09EA05D0}"
EndProject
Project("{9A19103F-16F7-4668-BE54-9A1E7A4F7556}") = "Entity", "Entity\Entity.csproj", "{102E0231-397B-419B-9619-9DA1F72000B5}"
EndProject
Project("{9A19103F-16F7-4668-BE54-9A1E7A4F7556}") = "ConsoleUI", "ConsoleUI\ConsoleUI.csproj", "{46E83F9B-8ACC-4D78-9D10-813DFD054230}"
EndProject
Project("{9A19103F-16F7-4668-BE54-9A1E7A4F7556}") = "Core", "Core\Core.csproj", "{2CB8A382-D9C9-4CF4-85A3-599448FCA357}"
EndProject
Project("{FAE04EC0-301F-11D3-BF4B-00C04F79EFBC}") = "WebAPI", "WebAPI\WebAPI.csproj", "{4EBFFAA3-D183-492F-9CDC-C39D44BE0AA4}"
EndProject
Global
	GlobalSection(SolutionConfigurationPlatforms) = preSolution
		Debug|Any CPU = Debug|Any CPU
		Release|Any CPU = Release|Any CPU
	EndGlobalSection
	GlobalSection(ProjectConfigurationPlatforms) = postSolution
		{B3AC211D-A034-4A97-B3B4-FBA338902D16}.Debug|Any CPU.ActiveCfg = Debug|Any CPU
		{B3AC211D-A034-4A97-B3B4-FBA338902D16}.Debug|Any CPU.Build.0 = Debug|Any CPU
		{B3AC211D-A034-4A97-B3B4-FBA338902D16}.Release|Any CPU.ActiveCfg = Release|Any CPU
		{B3AC211D-A034-4A97-B3B4-FBA338902D16}.Release|Any CPU.Build.0 = Release|Any CPU
		{3A53A5BE-1DD5-4923-8B40-BDBF09EA05D0}.Debug|Any CPU.ActiveCfg = Debug|Any CPU
		{3A53A5BE-1DD5-4923-8B40-BDBF09EA05D0}.Debug|Any CPU.Build.0 = Debug|Any CPU
		{3A53A5BE-1DD5-4923-8B40-BDBF09EA05D0}.Release|Any CPU.ActiveCfg = Release|Any CPU
		{3A53A5BE-1DD5-4923-8B40-BDBF09EA05D0}.Release|Any CPU.Build.0 = Release|Any CPU
		{102E0231-397B-419B-9619-9DA1F72000B5}.Debug|Any CPU.ActiveCfg = Debug|Any CPU
		{102E0231-397B-419B-9619-9DA1F72000B5}.Debug|Any CPU.Build.0 = Debug|Any CPU
		{102E0231-397B-419B-9619-9DA1F72000B5}.Release|Any CPU.ActiveCfg = Release|Any CPU
		{102E0231-397B-419B-9619-9DA1F72000B5}.Release|Any CPU.Build.0 = Release|Any CPU
		{46E83F9B-8ACC-4D78-9D10-813DFD054230}.Debug|Any CPU.ActiveCfg = Debug|Any CPU
		{46E83F9B-8ACC-4D78-9D10-813DFD054230}.Debug|Any CPU.Build.0 = Debug|Any CPU
		{46E83F9B-8ACC-4D78-9D10-813DFD054230}.Release|Any CPU.ActiveCfg = Release|Any CPU
		{46E83F9B-8ACC-4D78-9D10-813DFD054230}.Release|Any CPU.Build.0 = Release|Any CPU
		{2CB8A382-D9C9-4CF4-85A3-599448FCA357}.Debug|Any CPU.ActiveCfg = Debug|Any CPU
		{2CB8A382-D9C9-4CF4-85A3-599448FCA357}.Debug|Any CPU.Build.0 = Debug|Any CPU
		{2CB8A382-D9C9-4CF4-85A3-599448FCA357}.Release|Any CPU.ActiveCfg = Release|Any CPU
		{2CB8A382-D9C9-4CF4-85A3-599448FCA357}.Release|Any CPU.Build.0 = Release|Any CPU
		{4EBFFAA3-D183-492F-9CDC-C39D44BE0AA4}.Debug|Any CPU.ActiveCfg = Debug|Any CPU
		{4EBFFAA3-D183-492F-9CDC-C39D44BE0AA4}.Debug|Any CPU.Build.0 = Debug|Any CPU
		{4EBFFAA3-D183-492F-9CDC-C39D44BE0AA4}.Release|Any CPU.ActiveCfg = Release|Any CPU
		{4EBFFAA3-D183-492F-9CDC-C39D44BE0AA4}.Release|Any CPU.Build.0 = Release|Any CPU
	EndGlobalSection
	GlobalSection(SolutionProperties) = preSolution
		HideSolutionNode = FALSE
	EndGlobalSection
	GlobalSection(ExtensibilityGlobals) = postSolution
		SolutionGuid = {F3DF7AFD-216F-450A-BAF0-56BE3C9696FD}
	EndGlobalSection
EndGlobal
